
Microsoft Visual Studio Solution File, Format Version 12.00
Project("{FAE04EC0-301F-11D3-BF4B-00C04F79EFBC}") = "AvaloniaApplication3", "AvaloniaApplication3.csproj", "{D513068F-06D1-412C-83D1-D1455620A3B5}"
EndProject
Global
	GlobalSection(SolutionConfigurationPlatforms) = preSolution
		Debug|Any CPU = Debug|Any CPU
		Release|Any CPU = Release|Any CPU
	EndGlobalSection
	GlobalSection(ProjectConfigurationPlatforms) = postSolution
		{D513068F-06D1-412C-83D1-D1455620A3B5}.Debug|Any CPU.ActiveCfg = Debug|Any CPU
		{D513068F-06D1-412C-83D1-D1455620A3B5}.Debug|Any CPU.Build.0 = Debug|Any CPU
		{D513068F-06D1-412C-83D1-D1455620A3B5}.Release|Any CPU.ActiveCfg = Release|Any CPU
		{D513068F-06D1-412C-83D1-D1455620A3B5}.Release|Any CPU.Build.0 = Release|Any CPU
	EndGlobalSection
EndGlobal
